
Microsoft Visual Studio Solution File, Format Version 12.00
# Visual Studio Version 17
VisualStudioVersion = 17.13.35913.81 d17.13
MinimumVisualStudioVersion = 10.0.40219.1
Project("{FAE04EC0-301F-11D3-BF4B-00C04F79EFBC}") = "thiskeyword", "thiskeyword\thiskeyword.csproj", "{FC42E399-F9EC-4AAE-92F4-39E74C383354}"
EndProject
Global
	GlobalSection(SolutionConfigurationPlatforms) = preSolution
		Debug|Any CPU = Debug|Any CPU
		Release|Any CPU = Release|Any CPU
	EndGlobalSection
	GlobalSection(ProjectConfigurationPlatforms) = postSolution
		{FC42E399-F9EC-4AAE-92F4-39E74C383354}.Debug|Any CPU.ActiveCfg = Debug|Any CPU
		{FC42E399-F9EC-4AAE-92F4-39E74C383354}.Debug|Any CPU.Build.0 = Debug|Any CPU
		{FC42E399-F9EC-4AAE-92F4-39E74C383354}.Release|Any CPU.ActiveCfg = Release|Any CPU
		{FC42E399-F9EC-4AAE-92F4-39E74C383354}.Release|Any CPU.Build.0 = Release|Any CPU
	EndGlobalSection
	GlobalSection(SolutionProperties) = preSolution
		HideSolutionNode = FALSE
	EndGlobalSection
	GlobalSection(ExtensibilityGlobals) = postSolution
		SolutionGuid = {322A0A3A-3F9F-4053-92CA-68F881677D63}
	EndGlobalSection
EndGlobal
