Microsoft Visual Studio Solution File, Format Version 12.00
# Visual Studio Version 17
VisualStudioVersion = 17.13.35913.81
MinimumVisualStudioVersion = 10.0.40219.1
Project("{FAE04EC0-301F-11D3-BF4B-00C04F79EFBC}") = "StaticClass", "StaticClass\StaticClass.csproj", "{BFB4469A-2D19-4301-8F76-30364583DB6E}"
EndProject
Global
	GlobalSection(SolutionConfigurationPlatforms) = preSolution
		Debug|Any CPU = Debug|Any CPU
		Release|Any CPU = Release|Any CPU
	EndGlobalSection
	GlobalSection(ProjectConfigurationPlatforms) = postSolution
		{BFB4469A-2D19-4301-8F76-30364583DB6E}.Debug|Any CPU.ActiveCfg = Debug|Any CPU
		{BFB4469A-2D19-4301-8F76-30364583DB6E}.Debug|Any CPU.Build.0 = Debug|Any CPU
		{BFB4469A-2D19-4301-8F76-30364583DB6E}.Release|Any CPU.ActiveCfg = Release|Any CPU
		{BFB4469A-2D19-4301-8F76-30364583DB6E}.Release|Any CPU.Build.0 = Release|Any CPU
	EndGlobalSection
	GlobalSection(SolutionProperties) = preSolution
		HideSolutionNode = FALSE
	EndGlobalSection
	GlobalSection(ExtensibilityGlobals) = postSolution
		SolutionGuid = {DD8D70DE-6891-498F-8EAF-3D085A1617DE}
	EndGlobalSection
EndGlobal
