Microsoft Visual Studio Solution File, Format Version 12.00
# Visual Studio Version 17
VisualStudioVersion = 17.13.35913.81
MinimumVisualStudioVersion = 10.0.40219.1
Project("{FAE04EC0-301F-11D3-BF4B-00C04F79EFBC}") = "ClassLibraryDemo", "ClassLibraryDemo\ClassLibraryDemo.csproj", "{7C0D24BC-996F-4068-8343-5ED338406195}"
EndProject
Global
	GlobalSection(SolutionConfigurationPlatforms) = preSolution
		Debug|Any CPU = Debug|Any CPU
		Release|Any CPU = Release|Any CPU
	EndGlobalSection
	GlobalSection(ProjectConfigurationPlatforms) = postSolution
		{7C0D24BC-996F-4068-8343-5ED338406195}.Debug|Any CPU.ActiveCfg = Debug|Any CPU
		{7C0D24BC-996F-4068-8343-5ED338406195}.Debug|Any CPU.Build.0 = Debug|Any CPU
		{7C0D24BC-996F-4068-8343-5ED338406195}.Release|Any CPU.ActiveCfg = Release|Any CPU
		{7C0D24BC-996F-4068-8343-5ED338406195}.Release|Any CPU.Build.0 = Release|Any CPU
	EndGlobalSection
	GlobalSection(SolutionProperties) = preSolution
		HideSolutionNode = FALSE
	EndGlobalSection
	GlobalSection(ExtensibilityGlobals) = postSolution
		SolutionGuid = {6C11F28F-606A-43C3-A8EF-19B6E7DEF78F}
	EndGlobalSection
EndGlobal
