Microsoft Visual Studio Solution File, Format Version 12.00
# Visual Studio Version 17
VisualStudioVersion = 17.13.35913.81
MinimumVisualStudioVersion = 10.0.40219.1
Project("{FAE04EC0-301F-11D3-BF4B-00C04F79EFBC}") = "If statements", "If statements\If statements.csproj", "{AE9C6A29-C8A9-4E1C-A318-91BD733CC271}"
EndProject
Global
	GlobalSection(SolutionConfigurationPlatforms) = preSolution
		Debug|Any CPU = Debug|Any CPU
		Release|Any CPU = Release|Any CPU
	EndGlobalSection
	GlobalSection(ProjectConfigurationPlatforms) = postSolution
		{AE9C6A29-C8A9-4E1C-A318-91BD733CC271}.Debug|Any CPU.ActiveCfg = Debug|Any CPU
		{AE9C6A29-C8A9-4E1C-A318-91BD733CC271}.Debug|Any CPU.Build.0 = Debug|Any CPU
		{AE9C6A29-C8A9-4E1C-A318-91BD733CC271}.Release|Any CPU.ActiveCfg = Release|Any CPU
		{AE9C6A29-C8A9-4E1C-A318-91BD733CC271}.Release|Any CPU.Build.0 = Release|Any CPU
	EndGlobalSection
	GlobalSection(SolutionProperties) = preSolution
		HideSolutionNode = FALSE
	EndGlobalSection
	GlobalSection(ExtensibilityGlobals) = postSolution
		SolutionGuid = {91A3B836-42F2-44B8-9D5C-C6E2705844DE}
	EndGlobalSection
EndGlobal
